{
  "requires": true,
  "lockfileVersion": 1,
  "dependencies": {
    "@types/amqplib": {
      "version": "0.5.17",
      "resolved": "https://registry.npmjs.org/@types/amqplib/-/amqplib-0.5.17.tgz",
      "integrity": "sha512-RImqiLP1swDqWBW8UX9iBXVEOw6MYzNmxdXqfemDfdwtUvdTM/W0s2RlSuMVIGkRhaWvpkC9O/N81VzzQwfAbw==",
      "requires": {
        "@types/bluebird": "*",
        "@types/node": "*"
      }
    },
    "@types/bluebird": {
      "version": "3.5.33",
      "resolved": "https://registry.npmjs.org/@types/bluebird/-/bluebird-3.5.33.tgz",
      "integrity": "sha512-ndEo1xvnYeHxm7I/5sF6tBvnsA4Tdi3zj1keRKRs12SP+2ye2A27NDJ1B6PqkfMbGAcT+mqQVqbZRIrhfOp5PQ=="
    },
    "@types/node": {
      "version": "14.14.37",
      "resolved": "https://registry.npmjs.org/@types/node/-/node-14.14.37.tgz",
      "integrity": "sha512-XYmBiy+ohOR4Lh5jE379fV2IU+6Jn4g5qASinhitfyO71b/sCo6MKsMLF5tc7Zf2CE8hViVQyYSobJNke8OvUw=="
    }
  }
}
